
Microsoft Visual Studio Solution File, Format Version 10.00
# Visual Studio 2008
Project("{FAE04EC0-301F-11D3-BF4B-00C04F79EFBC}") = "CheeseWiz", "CheeseWiz\CheeseWiz.csproj", "{058258C1-3F0C-4448-80D8-C8651CDD7696}"
EndProject
Project("{FAE04EC0-301F-11D3-BF4B-00C04F79EFBC}") = "CheeseWiz.Specs", "CheeseWiz.Specs\CheeseWiz.Specs.csproj", "{FB6AE7E2-3514-4E4B-B2D5-0F54D7E5CD06}"
EndProject
Project("{FAE04EC0-301F-11D3-BF4B-00C04F79EFBC}") = "CheeseWiz.CFApp", "CheeseWiz.CFApp\CheeseWiz.CFApp.csproj", "{1BCAA3F9-0D03-4F6E-B2C0-B0C7DD92312C}"
EndProject
Project("{B900F1C2-3D47-4FEC-85B3-04AAF18C3634}") = "CheeseWiz.CFApp.Installer", "CheeseWiz.CFApp.Installer\CheeseWiz.CFApp.Installer.vddproj", "{4FE42B4C-0D50-43CD-9DF3-65C7CE038956}"
EndProject
Project("{FAE04EC0-301F-11D3-BF4B-00C04F79EFBC}") = "CheeseWiz.Console", "CheeseWiz.Console\CheeseWiz.Console.csproj", "{C1145D77-151E-40F1-9630-CF571C223C25}"
EndProject
Project("{FAE04EC0-301F-11D3-BF4B-00C04F79EFBC}") = "CheeseWiz.Logging", "CheeseWiz.Logging\CheeseWiz.Logging.csproj", "{3E1B5E95-D1FD-4211-AA61-0E447CED48E5}"
EndProject
Global
	GlobalSection(SolutionConfigurationPlatforms) = preSolution
		Debug|Any CPU = Debug|Any CPU
		Release|Any CPU = Release|Any CPU
	EndGlobalSection
	GlobalSection(ProjectConfigurationPlatforms) = postSolution
		{058258C1-3F0C-4448-80D8-C8651CDD7696}.Debug|Any CPU.ActiveCfg = Debug|Any CPU
		{058258C1-3F0C-4448-80D8-C8651CDD7696}.Debug|Any CPU.Build.0 = Debug|Any CPU
		{058258C1-3F0C-4448-80D8-C8651CDD7696}.Release|Any CPU.ActiveCfg = Release|Any CPU
		{058258C1-3F0C-4448-80D8-C8651CDD7696}.Release|Any CPU.Build.0 = Release|Any CPU
		{FB6AE7E2-3514-4E4B-B2D5-0F54D7E5CD06}.Debug|Any CPU.ActiveCfg = Debug|Any CPU
		{FB6AE7E2-3514-4E4B-B2D5-0F54D7E5CD06}.Debug|Any CPU.Build.0 = Debug|Any CPU
		{FB6AE7E2-3514-4E4B-B2D5-0F54D7E5CD06}.Release|Any CPU.ActiveCfg = Release|Any CPU
		{FB6AE7E2-3514-4E4B-B2D5-0F54D7E5CD06}.Release|Any CPU.Build.0 = Release|Any CPU
		{1BCAA3F9-0D03-4F6E-B2C0-B0C7DD92312C}.Debug|Any CPU.ActiveCfg = Debug|Any CPU
		{1BCAA3F9-0D03-4F6E-B2C0-B0C7DD92312C}.Debug|Any CPU.Build.0 = Debug|Any CPU
		{1BCAA3F9-0D03-4F6E-B2C0-B0C7DD92312C}.Release|Any CPU.ActiveCfg = Release|Any CPU
		{1BCAA3F9-0D03-4F6E-B2C0-B0C7DD92312C}.Release|Any CPU.Build.0 = Release|Any CPU
		{4FE42B4C-0D50-43CD-9DF3-65C7CE038956}.Debug|Any CPU.ActiveCfg = Debug
		{4FE42B4C-0D50-43CD-9DF3-65C7CE038956}.Debug|Any CPU.Build.0 = Debug
		{4FE42B4C-0D50-43CD-9DF3-65C7CE038956}.Release|Any CPU.ActiveCfg = Release
		{4FE42B4C-0D50-43CD-9DF3-65C7CE038956}.Release|Any CPU.Build.0 = Release
		{C1145D77-151E-40F1-9630-CF571C223C25}.Debug|Any CPU.ActiveCfg = Debug|Any CPU
		{C1145D77-151E-40F1-9630-CF571C223C25}.Debug|Any CPU.Build.0 = Debug|Any CPU
		{C1145D77-151E-40F1-9630-CF571C223C25}.Release|Any CPU.ActiveCfg = Release|Any CPU
		{C1145D77-151E-40F1-9630-CF571C223C25}.Release|Any CPU.Build.0 = Release|Any CPU
		{3E1B5E95-D1FD-4211-AA61-0E447CED48E5}.Debug|Any CPU.ActiveCfg = Debug|Any CPU
		{3E1B5E95-D1FD-4211-AA61-0E447CED48E5}.Debug|Any CPU.Build.0 = Debug|Any CPU
		{3E1B5E95-D1FD-4211-AA61-0E447CED48E5}.Release|Any CPU.ActiveCfg = Release|Any CPU
		{3E1B5E95-D1FD-4211-AA61-0E447CED48E5}.Release|Any CPU.Build.0 = Release|Any CPU
	EndGlobalSection
	GlobalSection(SolutionProperties) = preSolution
		HideSolutionNode = FALSE
	EndGlobalSection
EndGlobal
